PODS:
  - Alamofire (5.4.3)
  - AwaitKit (5.2.0):
    - PromiseKit (~> 6)
  - CalendarKit (1.0.6)
  - HealthKitReporter (1.4.3)
  - PromiseKit (6.13.1):
    - PromiseKit/CorePromise (= 6.13.1)
    - PromiseKit/Foundation (= 6.13.1)
    - PromiseKit/UIKit (= 6.13.1)
  - PromiseKit/CorePromise (6.13.1)
  - PromiseKit/Foundation (6.13.1):
    - PromiseKit/CorePromise
  - PromiseKit/UIKit (6.13.1):
    - PromiseKit/CorePromise

DEPENDENCIES:
  - Alamofire (~> 5.2)
  - AwaitKit (from `https://github.com/yannickl/AwaitKit.git`, branch `master`)
  - CalendarKit
  - HealthKitReporter (~> 1.4)
  - PromiseKit (~> 6.8)

SPEC REPOS:
  https://github.com/cocoapods/specs.git:
    - Alamofire
    - CalendarKit
    - HealthKitReporter
    - PromiseKit

EXTERNAL SOURCES:
  AwaitKit:
    :branch: master
    :git: https://github.com/yannickl/AwaitKit.git

CHECKOUT OPTIONS:
  AwaitKit:
    :commit: 4b725f40dd189f40c0962cba792f06a2073bd977
    :git: https://github.com/yannickl/AwaitKit.git

SPEC CHECKSUMS:
  Alamofire: e447a2774a40c996748296fa2c55112fdbbc42f9
  AwaitKit: 512626cd12c82b1fbffddc8f414d0364cb456004
  CalendarKit: eb72185fdc61a65107e4edbedb7b6a8f409fb19b
  HealthKitReporter: 5f061ac7ecea833cf1374de6de8fc2780136066f
  PromiseKit: 28fda91c973cc377875d8c0ea4f973013c05b6db

PODFILE CHECKSUM: e9ce854c8c53b668ffa254dc3060823dde617ff8

COCOAPODS: 1.5.2
