PODS:
  - Alamofire (5.4.3)
  - HealthKitReporter (1.4.3)
  - PromiseKit (6.13.1):
    - PromiseKit/CorePromise (= 6.13.1)
    - PromiseKit/Foundation (= 6.13.1)
    - PromiseKit/UIKit (= 6.13.1)
  - PromiseKit/CorePromise (6.13.1)
  - PromiseKit/Foundation (6.13.1):
    - PromiseKit/CorePromise
  - PromiseKit/UIKit (6.13.1):
    - PromiseKit/CorePromise
  - Starscream (4.0.4)

DEPENDENCIES:
  - Alamofire (~> 5.2)
  - HealthKitReporter (~> 1.4)
  - PromiseKit (~> 6.8)
  - Starscream (~> 4.0.0)

SPEC REPOS:
  https://github.com/cocoapods/specs.git:
    - Alamofire
    - HealthKitReporter
    - PromiseKit
    - Starscream

SPEC CHECKSUMS:
  Alamofire: e447a2774a40c996748296fa2c55112fdbbc42f9
  HealthKitReporter: 5f061ac7ecea833cf1374de6de8fc2780136066f
  PromiseKit: 28fda91c973cc377875d8c0ea4f973013c05b6db
  Starscream: 5178aed56b316f13fa3bc55694e583d35dd414d9

PODFILE CHECKSUM: 704235c1b6fb18129a4a0457b93d9bbe9f7c348c

COCOAPODS: 1.5.2
