// !$*UTF8*$!
{
	archiveVersion = 1;
	classes = {
	};
	objectVersion = 50;
	objects = {

/* Begin PBXBuildFile section */
		189CAF757DE933D103CF0C1B /* Pods_iva_ios.framework in Frameworks */ = {isa = PBXBuildFile; fileRef = 5CD4D0673AE95697900A261C /* Pods_iva_ios.framework */; };
		780530B226825A43007A7EAA /* SleepAnalysis.swift in Sources */ = {isa = PBXBuildFile; fileRef = 780530B126825A43007A7EAA /* SleepAnalysis.swift */; };
		7832EA772645A18100371FA7 /* iva_iosApp.swift in Sources */ = {isa = PBXBuildFile; fileRef = 7832EA762645A18100371FA7 /* iva_iosApp.swift */; };
		7832EA792645A18100371FA7 /* ContentView.swift in Sources */ = {isa = PBXBuildFile; fileRef = 7832EA782645A18100371FA7 /* ContentView.swift */; };
		7832EA7B2645A18200371FA7 /* Assets.xcassets in Resources */ = {isa = PBXBuildFile; fileRef = 7832EA7A2645A18200371FA7 /* Assets.xcassets */; };
		7832EA7E2645A18200371FA7 /* Preview Assets.xcassets in Resources */ = {isa = PBXBuildFile; fileRef = 7832EA7D2645A18200371FA7 /* Preview Assets.xcassets */; };
		787F5ADC264DAA8D00092255 /* AppDelegate.swift in Sources */ = {isa = PBXBuildFile; fileRef = 787F5ADB264DAA8D00092255 /* AppDelegate.swift */; };
		78A8FB762683A63C0010423C /* RouterHelper.swift in Sources */ = {isa = PBXBuildFile; fileRef = 78A8FB752683A63C0010423C /* RouterHelper.swift */; };
		78C3053A26499B370001BE1D /* Assets.xcassets in Resources */ = {isa = PBXBuildFile; fileRef = 78C3053926499B370001BE1D /* Assets.xcassets */; };
		78C3054126499B370001BE1D /* iva_watch Extension.appex in Embed App Extensions */ = {isa = PBXBuildFile; fileRef = 78C3054026499B370001BE1D /* iva_watch Extension.appex */; settings = {ATTRIBUTES = (RemoveHeadersOnCopy, ); }; };
		78C3054626499B370001BE1D /* iva_iosApp.swift in Sources */ = {isa = PBXBuildFile; fileRef = 78C3054526499B370001BE1D /* iva_iosApp.swift */; };
		78C3054826499B370001BE1D /* ContentView.swift in Sources */ = {isa = PBXBuildFile; fileRef = 78C3054726499B370001BE1D /* ContentView.swift */; };
		78C3054A26499B370001BE1D /* NotificationController.swift in Sources */ = {isa = PBXBuildFile; fileRef = 78C3054926499B370001BE1D /* NotificationController.swift */; };
		78C3054C26499B370001BE1D /* NotificationView.swift in Sources */ = {isa = PBXBuildFile; fileRef = 78C3054B26499B370001BE1D /* NotificationView.swift */; };
		78C3054E26499B370001BE1D /* ComplicationController.swift in Sources */ = {isa = PBXBuildFile; fileRef = 78C3054D26499B370001BE1D /* ComplicationController.swift */; };
		78C3055026499B380001BE1D /* Assets.xcassets in Resources */ = {isa = PBXBuildFile; fileRef = 78C3054F26499B380001BE1D /* Assets.xcassets */; };
		78C3055326499B380001BE1D /* Preview Assets.xcassets in Resources */ = {isa = PBXBuildFile; fileRef = 78C3055226499B380001BE1D /* Preview Assets.xcassets */; };
		78C3055826499B380001BE1D /* iva_watch.app in Embed Watch Content */ = {isa = PBXBuildFile; fileRef = 78C3053726499B340001BE1D /* iva_watch.app */; settings = {ATTRIBUTES = (RemoveHeadersOnCopy, ); }; };
		78C3056226499D8B0001BE1D /* IvaController.swift in Sources */ = {isa = PBXBuildFile; fileRef = 78C3056126499D8B0001BE1D /* IvaController.swift */; };
		78C3056326499D8B0001BE1D /* IvaController.swift in Sources */ = {isa = PBXBuildFile; fileRef = 78C3056126499D8B0001BE1D /* IvaController.swift */; };
		78D8525A264C7304001DAC38 /* HealthKit.framework in Frameworks */ = {isa = PBXBuildFile; fileRef = 78D85259264C7304001DAC38 /* HealthKit.framework */; };
		78E45056267FDA7500D04B3A /* ApiHandler.swift in Sources */ = {isa = PBXBuildFile; fileRef = 78E45055267FDA7500D04B3A /* ApiHandler.swift */; };
		78E45058267FDB5700D04B3A /* Responses.swift in Sources */ = {isa = PBXBuildFile; fileRef = 78E45057267FDB5700D04B3A /* Responses.swift */; };
		78E4505A267FDE2300D04B3A /* Router.swift in Sources */ = {isa = PBXBuildFile; fileRef = 78E45059267FDE2300D04B3A /* Router.swift */; };
		78E4505E267FE65D00D04B3A /* MindfulSession.swift in Sources */ = {isa = PBXBuildFile; fileRef = 78E4505D267FE65D00D04B3A /* MindfulSession.swift */; };
		78FADBEA267FBB1E0025F40A /* IvaHealthKitReporter.swift in Sources */ = {isa = PBXBuildFile; fileRef = 78FADBE9267FBB1E0025F40A /* IvaHealthKitReporter.swift */; };
		EE67B2E17E4E8D04303A5DBD /* libPods-iva_watch Extension.a in Frameworks */ = {isa = PBXBuildFile; fileRef = B4E128AAC7DDBF481E11E190 /* libPods-iva_watch Extension.a */; };
/* End PBXBuildFile section */

/* Begin PBXContainerItemProxy section */
		78C3054226499B370001BE1D /* PBXContainerItemProxy */ = {
			isa = PBXContainerItemProxy;
			containerPortal = 7832EA6B2645A18100371FA7 /* Project object */;
			proxyType = 1;
			remoteGlobalIDString = 78C3053F26499B370001BE1D;
			remoteInfo = "iva_watch Extension";
		};
		78C3055626499B380001BE1D /* PBXContainerItemProxy */ = {
			isa = PBXContainerItemProxy;
			containerPortal = 7832EA6B2645A18100371FA7 /* Project object */;
			proxyType = 1;
			remoteGlobalIDString = 78C3053626499B340001BE1D;
			remoteInfo = iva_watch;
		};
/* End PBXContainerItemProxy section */

/* Begin PBXCopyFilesBuildPhase section */
		78C3055C26499B380001BE1D /* Embed App Extensions */ = {
			isa = PBXCopyFilesBuildPhase;
			buildActionMask = 2147483647;
			dstPath = "";
			dstSubfolderSpec = 13;
			files = (
				78C3054126499B370001BE1D /* iva_watch Extension.appex in Embed App Extensions */,
			);
			name = "Embed App Extensions";
			runOnlyForDeploymentPostprocessing = 0;
		};
		78C3056026499B380001BE1D /* Embed Watch Content */ = {
			isa = PBXCopyFilesBuildPhase;
			buildActionMask = 2147483647;
			dstPath = "$(CONTENTS_FOLDER_PATH)/Watch";
			dstSubfolderSpec = 16;
			files = (
				78C3055826499B380001BE1D /* iva_watch.app in Embed Watch Content */,
			);
			name = "Embed Watch Content";
			runOnlyForDeploymentPostprocessing = 0;
		};
/* End PBXCopyFilesBuildPhase section */

/* Begin PBXFileReference section */
		1A76B3B3620276956F32EB3D /* Pods-iva_ios.release.xcconfig */ = {isa = PBXFileReference; includeInIndex = 1; lastKnownFileType = text.xcconfig; name = "Pods-iva_ios.release.xcconfig"; path = "Pods/Target Support Files/Pods-iva_ios/Pods-iva_ios.release.xcconfig"; sourceTree = "<group>"; };
		52A17005BEB9461226286E23 /* Pods-iva_watch Extension.debug.xcconfig */ = {isa = PBXFileReference; includeInIndex = 1; lastKnownFileType = text.xcconfig; name = "Pods-iva_watch Extension.debug.xcconfig"; path = "Pods/Target Support Files/Pods-iva_watch Extension/Pods-iva_watch Extension.debug.xcconfig"; sourceTree = "<group>"; };
		5CD4D0673AE95697900A261C /* Pods_iva_ios.framework */ = {isa = PBXFileReference; explicitFileType = wrapper.framework; includeInIndex = 0; path = Pods_iva_ios.framework; sourceTree = BUILT_PRODUCTS_DIR; };
		72EC2863E663761A6BCCFC3B /* Pods-iva_watch Extension.release.xcconfig */ = {isa = PBXFileReference; includeInIndex = 1; lastKnownFileType = text.xcconfig; name = "Pods-iva_watch Extension.release.xcconfig"; path = "Pods/Target Support Files/Pods-iva_watch Extension/Pods-iva_watch Extension.release.xcconfig"; sourceTree = "<group>"; };
		780530B126825A43007A7EAA /* SleepAnalysis.swift */ = {isa = PBXFileReference; lastKnownFileType = sourcecode.swift; path = SleepAnalysis.swift; sourceTree = "<group>"; };
		7832EA732645A18100371FA7 /* iva_ios.app */ = {isa = PBXFileReference; explicitFileType = wrapper.application; includeInIndex = 0; path = iva_ios.app; sourceTree = BUILT_PRODUCTS_DIR; };
		7832EA762645A18100371FA7 /* iva_iosApp.swift */ = {isa = PBXFileReference; lastKnownFileType = sourcecode.swift; path = iva_iosApp.swift; sourceTree = "<group>"; };
		7832EA782645A18100371FA7 /* ContentView.swift */ = {isa = PBXFileReference; lastKnownFileType = sourcecode.swift; path = ContentView.swift; sourceTree = "<group>"; };
		7832EA7A2645A18200371FA7 /* Assets.xcassets */ = {isa = PBXFileReference; lastKnownFileType = folder.assetcatalog; path = Assets.xcassets; sourceTree = "<group>"; };
		7832EA7D2645A18200371FA7 /* Preview Assets.xcassets */ = {isa = PBXFileReference; lastKnownFileType = folder.assetcatalog; path = "Preview Assets.xcassets"; sourceTree = "<group>"; };
		7832EA7F2645A18200371FA7 /* Info.plist */ = {isa = PBXFileReference; lastKnownFileType = text.plist.xml; path = Info.plist; sourceTree = "<group>"; };
		787F5ADB264DAA8D00092255 /* AppDelegate.swift */ = {isa = PBXFileReference; lastKnownFileType = sourcecode.swift; path = AppDelegate.swift; sourceTree = "<group>"; };
		78A8FB752683A63C0010423C /* RouterHelper.swift */ = {isa = PBXFileReference; lastKnownFileType = sourcecode.swift; path = RouterHelper.swift; sourceTree = "<group>"; };
		78C3053726499B340001BE1D /* iva_watch.app */ = {isa = PBXFileReference; explicitFileType = wrapper.application; includeInIndex = 0; path = iva_watch.app; sourceTree = BUILT_PRODUCTS_DIR; };
		78C3053926499B370001BE1D /* Assets.xcassets */ = {isa = PBXFileReference; lastKnownFileType = folder.assetcatalog; path = Assets.xcassets; sourceTree = "<group>"; };
		78C3053B26499B370001BE1D /* Info.plist */ = {isa = PBXFileReference; lastKnownFileType = text.plist.xml; path = Info.plist; sourceTree = "<group>"; };
		78C3054026499B370001BE1D /* iva_watch Extension.appex */ = {isa = PBXFileReference; explicitFileType = "wrapper.app-extension"; includeInIndex = 0; path = "iva_watch Extension.appex"; sourceTree = BUILT_PRODUCTS_DIR; };
		78C3054526499B370001BE1D /* iva_iosApp.swift */ = {isa = PBXFileReference; lastKnownFileType = sourcecode.swift; path = iva_iosApp.swift; sourceTree = "<group>"; };
		78C3054726499B370001BE1D /* ContentView.swift */ = {isa = PBXFileReference; lastKnownFileType = sourcecode.swift; path = ContentView.swift; sourceTree = "<group>"; };
		78C3054926499B370001BE1D /* NotificationController.swift */ = {isa = PBXFileReference; lastKnownFileType = sourcecode.swift; path = NotificationController.swift; sourceTree = "<group>"; };
		78C3054B26499B370001BE1D /* NotificationView.swift */ = {isa = PBXFileReference; lastKnownFileType = sourcecode.swift; path = NotificationView.swift; sourceTree = "<group>"; };
		78C3054D26499B370001BE1D /* ComplicationController.swift */ = {isa = PBXFileReference; lastKnownFileType = sourcecode.swift; path = ComplicationController.swift; sourceTree = "<group>"; };
		78C3054F26499B380001BE1D /* Assets.xcassets */ = {isa = PBXFileReference; lastKnownFileType = folder.assetcatalog; path = Assets.xcassets; sourceTree = "<group>"; };
		78C3055226499B380001BE1D /* Preview Assets.xcassets */ = {isa = PBXFileReference; lastKnownFileType = folder.assetcatalog; path = "Preview Assets.xcassets"; sourceTree = "<group>"; };
		78C3055426499B380001BE1D /* Info.plist */ = {isa = PBXFileReference; lastKnownFileType = text.plist.xml; path = Info.plist; sourceTree = "<group>"; };
		78C3055526499B380001BE1D /* PushNotificationPayload.apns */ = {isa = PBXFileReference; lastKnownFileType = text; path = PushNotificationPayload.apns; sourceTree = "<group>"; };
		78C3056126499D8B0001BE1D /* IvaController.swift */ = {isa = PBXFileReference; lastKnownFileType = sourcecode.swift; path = IvaController.swift; sourceTree = "<group>"; };
		78D85258264C7304001DAC38 /* iva_ios.entitlements */ = {isa = PBXFileReference; lastKnownFileType = text.plist.entitlements; path = iva_ios.entitlements; sourceTree = "<group>"; };
		78D85259264C7304001DAC38 /* HealthKit.framework */ = {isa = PBXFileReference; lastKnownFileType = wrapper.framework; name = HealthKit.framework; path = System/Library/Frameworks/HealthKit.framework; sourceTree = SDKROOT; };
		78E45055267FDA7500D04B3A /* ApiHandler.swift */ = {isa = PBXFileReference; lastKnownFileType = sourcecode.swift; path = ApiHandler.swift; sourceTree = "<group>"; };
		78E45057267FDB5700D04B3A /* Responses.swift */ = {isa = PBXFileReference; lastKnownFileType = sourcecode.swift; path = Responses.swift; sourceTree = "<group>"; };
		78E45059267FDE2300D04B3A /* Router.swift */ = {isa = PBXFileReference; lastKnownFileType = sourcecode.swift; path = Router.swift; sourceTree = "<group>"; };
		78E4505D267FE65D00D04B3A /* MindfulSession.swift */ = {isa = PBXFileReference; lastKnownFileType = sourcecode.swift; path = MindfulSession.swift; sourceTree = "<group>"; };
		78FADBE9267FBB1E0025F40A /* IvaHealthKitReporter.swift */ = {isa = PBXFileReference; lastKnownFileType = sourcecode.swift; path = IvaHealthKitReporter.swift; sourceTree = "<group>"; };
		B4E128AAC7DDBF481E11E190 /* libPods-iva_watch Extension.a */ = {isa = PBXFileReference; explicitFileType = archive.ar; includeInIndex = 0; path = "libPods-iva_watch Extension.a"; sourceTree = BUILT_PRODUCTS_DIR; };
		C9AA95E2E5BDBFD1015C3D70 /* Pods-iva_ios.debug.xcconfig */ = {isa = PBXFileReference; includeInIndex = 1; lastKnownFileType = text.xcconfig; name = "Pods-iva_ios.debug.xcconfig"; path = "Pods/Target Support Files/Pods-iva_ios/Pods-iva_ios.debug.xcconfig"; sourceTree = "<group>"; };
/* End PBXFileReference section */

/* Begin PBXFrameworksBuildPhase section */
		7832EA702645A18100371FA7 /* Frameworks */ = {
			isa = PBXFrameworksBuildPhase;
			buildActionMask = 2147483647;
			files = (
				189CAF757DE933D103CF0C1B /* Pods_iva_ios.framework in Frameworks */,
				78D8525A264C7304001DAC38 /* HealthKit.framework in Frameworks */,
			);
			runOnlyForDeploymentPostprocessing = 0;
		};
		78C3053D26499B370001BE1D /* Frameworks */ = {
			isa = PBXFrameworksBuildPhase;
			buildActionMask = 2147483647;
			files = (
				EE67B2E17E4E8D04303A5DBD /* libPods-iva_watch Extension.a in Frameworks */,
			);
			runOnlyForDeploymentPostprocessing = 0;
		};
		E84F78D607DA78F4D3722D1B /* Frameworks */ = {
			isa = PBXFrameworksBuildPhase;
			buildActionMask = 2147483647;
			files = (
			);
			runOnlyForDeploymentPostprocessing = 0;
		};
/* End PBXFrameworksBuildPhase section */

/* Begin PBXGroup section */
		0B48B016CB8DAFD9C16F4D28 /* Frameworks */ = {
			isa = PBXGroup;
			children = (
				78D85259264C7304001DAC38 /* HealthKit.framework */,
				5CD4D0673AE95697900A261C /* Pods_iva_ios.framework */,
				B4E128AAC7DDBF481E11E190 /* libPods-iva_watch Extension.a */,
			);
			name = Frameworks;
			sourceTree = "<group>";
		};
		7832EA6A2645A18100371FA7 = {
			isa = PBXGroup;
			children = (
				7832EA752645A18100371FA7 /* iva_ios */,
				78C3053826499B340001BE1D /* iva_watch */,
				78C3054426499B370001BE1D /* iva_watch Extension */,
				7832EA742645A18100371FA7 /* Products */,
				C1C5F6739D5B282130E6703E /* Pods */,
				0B48B016CB8DAFD9C16F4D28 /* Frameworks */,
			);
			sourceTree = "<group>";
		};
		7832EA742645A18100371FA7 /* Products */ = {
			isa = PBXGroup;
			children = (
				7832EA732645A18100371FA7 /* iva_ios.app */,
				78C3053726499B340001BE1D /* iva_watch.app */,
				78C3054026499B370001BE1D /* iva_watch Extension.appex */,
			);
			name = Products;
			sourceTree = "<group>";
		};
		7832EA752645A18100371FA7 /* iva_ios */ = {
			isa = PBXGroup;
			children = (
				78E45054267FDA5800D04B3A /* api */,
				78D85258264C7304001DAC38 /* iva_ios.entitlements */,
				7832EA762645A18100371FA7 /* iva_iosApp.swift */,
				7832EA782645A18100371FA7 /* ContentView.swift */,
				7832EA7A2645A18200371FA7 /* Assets.xcassets */,
				7832EA7F2645A18200371FA7 /* Info.plist */,
				7832EA7C2645A18200371FA7 /* Preview Content */,
				78C3056126499D8B0001BE1D /* IvaController.swift */,
				787F5ADB264DAA8D00092255 /* AppDelegate.swift */,
				78FADBE9267FBB1E0025F40A /* IvaHealthKitReporter.swift */,
			);
			path = iva_ios;
			sourceTree = "<group>";
		};
		7832EA7C2645A18200371FA7 /* Preview Content */ = {
			isa = PBXGroup;
			children = (
				7832EA7D2645A18200371FA7 /* Preview Assets.xcassets */,
			);
			path = "Preview Content";
			sourceTree = "<group>";
		};
		78C3053826499B340001BE1D /* iva_watch */ = {
			isa = PBXGroup;
			children = (
				78C3053926499B370001BE1D /* Assets.xcassets */,
				78C3053B26499B370001BE1D /* Info.plist */,
			);
			path = iva_watch;
			sourceTree = "<group>";
		};
		78C3054426499B370001BE1D /* iva_watch Extension */ = {
			isa = PBXGroup;
			children = (
				78C3054526499B370001BE1D /* iva_iosApp.swift */,
				78C3054726499B370001BE1D /* ContentView.swift */,
				78C3054926499B370001BE1D /* NotificationController.swift */,
				78C3054B26499B370001BE1D /* NotificationView.swift */,
				78C3054D26499B370001BE1D /* ComplicationController.swift */,
				78C3054F26499B380001BE1D /* Assets.xcassets */,
				78C3055426499B380001BE1D /* Info.plist */,
				78C3055526499B380001BE1D /* PushNotificationPayload.apns */,
				78C3055126499B380001BE1D /* Preview Content */,
			);
			path = "iva_watch Extension";
			sourceTree = "<group>";
		};
		78C3055126499B380001BE1D /* Preview Content */ = {
			isa = PBXGroup;
			children = (
				78C3055226499B380001BE1D /* Preview Assets.xcassets */,
			);
			path = "Preview Content";
			sourceTree = "<group>";
		};
		78E45054267FDA5800D04B3A /* api */ = {
			isa = PBXGroup;
			children = (
				78E4505C267FE60B00D04B3A /* models */,
				78E4505B267FDE2B00D04B3A /* routers */,
				78E45055267FDA7500D04B3A /* ApiHandler.swift */,
				78E45057267FDB5700D04B3A /* Responses.swift */,
			);
			path = api;
			sourceTree = "<group>";
		};
		78E4505B267FDE2B00D04B3A /* routers */ = {
			isa = PBXGroup;
			children = (
				78E45059267FDE2300D04B3A /* Router.swift */,
				78A8FB752683A63C0010423C /* RouterHelper.swift */,
			);
			path = routers;
			sourceTree = "<group>";
		};
		78E4505C267FE60B00D04B3A /* models */ = {
			isa = PBXGroup;
			children = (
				78E4505D267FE65D00D04B3A /* MindfulSession.swift */,
				780530B126825A43007A7EAA /* SleepAnalysis.swift */,
			);
			path = models;
			sourceTree = "<group>";
		};
		C1C5F6739D5B282130E6703E /* Pods */ = {
			isa = PBXGroup;
			children = (
				C9AA95E2E5BDBFD1015C3D70 /* Pods-iva_ios.debug.xcconfig */,
				1A76B3B3620276956F32EB3D /* Pods-iva_ios.release.xcconfig */,
				52A17005BEB9461226286E23 /* Pods-iva_watch Extension.debug.xcconfig */,
				72EC2863E663761A6BCCFC3B /* Pods-iva_watch Extension.release.xcconfig */,
			);
			name = Pods;
			sourceTree = "<group>";
		};
/* End PBXGroup section */

/* Begin PBXNativeTarget section */
		7832EA722645A18100371FA7 /* iva_ios */ = {
			isa = PBXNativeTarget;
			buildConfigurationList = 7832EA822645A18200371FA7 /* Build configuration list for PBXNativeTarget "iva_ios" */;
			buildPhases = (
				EB6FEE933498611986FBC96D /* [CP] Check Pods Manifest.lock */,
				7832EA6F2645A18100371FA7 /* Sources */,
				7832EA702645A18100371FA7 /* Frameworks */,
				7832EA712645A18100371FA7 /* Resources */,
				78C3056026499B380001BE1D /* Embed Watch Content */,
				6C5D18933B69182681C787ED /* [CP] Embed Pods Frameworks */,
				78A8FB742683966C0010423C /* ShellScript */,
			);
			buildRules = (
			);
			dependencies = (
				78C3055726499B380001BE1D /* PBXTargetDependency */,
			);
			name = iva_ios;
			productName = iva_ios;
			productReference = 7832EA732645A18100371FA7 /* iva_ios.app */;
			productType = "com.apple.product-type.application";
		};
		78C3053626499B340001BE1D /* iva_watch */ = {
			isa = PBXNativeTarget;
			buildConfigurationList = 78C3055D26499B380001BE1D /* Build configuration list for PBXNativeTarget "iva_watch" */;
			buildPhases = (
				78C3053526499B340001BE1D /* Resources */,
				78C3055C26499B380001BE1D /* Embed App Extensions */,
				E84F78D607DA78F4D3722D1B /* Frameworks */,
			);
			buildRules = (
			);
			dependencies = (
				78C3054326499B370001BE1D /* PBXTargetDependency */,
			);
			name = iva_watch;
			productName = iva_watch;
			productReference = 78C3053726499B340001BE1D /* iva_watch.app */;
			productType = "com.apple.product-type.application.watchapp2";
		};
		78C3053F26499B370001BE1D /* iva_watch Extension */ = {
			isa = PBXNativeTarget;
			buildConfigurationList = 78C3055926499B380001BE1D /* Build configuration list for PBXNativeTarget "iva_watch Extension" */;
			buildPhases = (
				C1868EB6C62FC8BBB239839E /* [CP] Check Pods Manifest.lock */,
				78C3053C26499B370001BE1D /* Sources */,
				78C3053D26499B370001BE1D /* Frameworks */,
				78C3053E26499B370001BE1D /* Resources */,
			);
			buildRules = (
			);
			dependencies = (
			);
			name = "iva_watch Extension";
			productName = "iva_watch Extension";
			productReference = 78C3054026499B370001BE1D /* iva_watch Extension.appex */;
			productType = "com.apple.product-type.watchkit2-extension";
		};
/* End PBXNativeTarget section */

/* Begin PBXProject section */
		7832EA6B2645A18100371FA7 /* Project object */ = {
			isa = PBXProject;
			attributes = {
				LastSwiftUpdateCheck = 1250;
				LastUpgradeCheck = 1250;
				TargetAttributes = {
					7832EA722645A18100371FA7 = {
						CreatedOnToolsVersion = 12.5;
					};
					78C3053626499B340001BE1D = {
						CreatedOnToolsVersion = 12.5;
					};
					78C3053F26499B370001BE1D = {
						CreatedOnToolsVersion = 12.5;
					};
				};
			};
			buildConfigurationList = 7832EA6E2645A18100371FA7 /* Build configuration list for PBXProject "iva_ios" */;
			compatibilityVersion = "Xcode 9.3";
			developmentRegion = en;
			hasScannedForEncodings = 0;
			knownRegions = (
				en,
				Base,
			);
			mainGroup = 7832EA6A2645A18100371FA7;
			productRefGroup = 7832EA742645A18100371FA7 /* Products */;
			projectDirPath = "";
			projectRoot = "";
			targets = (
				7832EA722645A18100371FA7 /* iva_ios */,
				78C3053626499B340001BE1D /* iva_watch */,
				78C3053F26499B370001BE1D /* iva_watch Extension */,
			);
		};
/* End PBXProject section */

/* Begin PBXResourcesBuildPhase section */
		7832EA712645A18100371FA7 /* Resources */ = {
			isa = PBXResourcesBuildPhase;
			buildActionMask = 2147483647;
			files = (
				7832EA7E2645A18200371FA7 /* Preview Assets.xcassets in Resources */,
				7832EA7B2645A18200371FA7 /* Assets.xcassets in Resources */,
			);
			runOnlyForDeploymentPostprocessing = 0;
		};
		78C3053526499B340001BE1D /* Resources */ = {
			isa = PBXResourcesBuildPhase;
			buildActionMask = 2147483647;
			files = (
				78C3053A26499B370001BE1D /* Assets.xcassets in Resources */,
			);
			runOnlyForDeploymentPostprocessing = 0;
		};
		78C3053E26499B370001BE1D /* Resources */ = {
			isa = PBXResourcesBuildPhase;
			buildActionMask = 2147483647;
			files = (
				78C3055326499B380001BE1D /* Preview Assets.xcassets in Resources */,
				78C3055026499B380001BE1D /* Assets.xcassets in Resources */,
			);
			runOnlyForDeploymentPostprocessing = 0;
		};
/* End PBXResourcesBuildPhase section */

/* Begin PBXShellScriptBuildPhase section */
		6C5D18933B69182681C787ED /* [CP] Embed Pods Frameworks */ = {
			isa = PBXShellScriptBuildPhase;
			buildActionMask = 2147483647;
			files = (
			);
			inputPaths = (
				"${SRCROOT}/Pods/Target Support Files/Pods-iva_ios/Pods-iva_ios-frameworks.sh",
				"${BUILT_PRODUCTS_DIR}/Alamofire-framework/Alamofire.framework",
				"${BUILT_PRODUCTS_DIR}/HealthKitReporter/HealthKitReporter.framework",
				"${BUILT_PRODUCTS_DIR}/PromiseKit/PromiseKit.framework",
				"${BUILT_PRODUCTS_DIR}/Starscream/Starscream.framework",
			);
			name = "[CP] Embed Pods Frameworks";
			outputPaths = (
				"${TARGET_BUILD_DIR}/${FRAMEWORKS_FOLDER_PATH}/Alamofire.framework",
				"${TARGET_BUILD_DIR}/${FRAMEWORKS_FOLDER_PATH}/HealthKitReporter.framework",
				"${TARGET_BUILD_DIR}/${FRAMEWORKS_FOLDER_PATH}/PromiseKit.framework",
				"${TARGET_BUILD_DIR}/${FRAMEWORKS_FOLDER_PATH}/Starscream.framework",
			);
			runOnlyForDeploymentPostprocessing = 0;
			shellPath = /bin/sh;
			shellScript = "\"${SRCROOT}/Pods/Target Support Files/Pods-iva_ios/Pods-iva_ios-frameworks.sh\"\n";
			showEnvVarsInLog = 0;
		};
		78A8FB742683966C0010423C /* ShellScript */ = {
			isa = PBXShellScriptBuildPhase;
			buildActionMask = 2147483647;
			files = (
			);
			inputFileListPaths = (
			);
			inputPaths = (
			);
			outputFileListPaths = (
			);
			outputPaths = (
			);
			runOnlyForDeploymentPostprocessing = 0;
			shellPath = /bin/sh;
			shellScript = "if which swiftlint >/dev/null; then\n  swiftlint\nelse\n  echo \"warning: SwiftLint not installed, download from https://github.com/realm/SwiftLint\"\nfi\n";
		};
		C1868EB6C62FC8BBB239839E /* [CP] Check Pods Manifest.lock */ = {
			isa = PBXShellScriptBuildPhase;
			buildActionMask = 2147483647;
			files = (
			);
			inputPaths = (
				"${PODS_PODFILE_DIR_PATH}/Podfile.lock",
				"${PODS_ROOT}/Manifest.lock",
			);
			name = "[CP] Check Pods Manifest.lock";
			outputPaths = (
				"$(DERIVED_FILE_DIR)/Pods-iva_watch Extension-checkManifestLockResult.txt",
			);
			runOnlyForDeploymentPostprocessing = 0;
			shellPath = /bin/sh;
			shellScript = "diff \"${PODS_PODFILE_DIR_PATH}/Podfile.lock\" \"${PODS_ROOT}/Manifest.lock\" > /dev/null\nif [ $? != 0 ] ; then\n    # print error to STDERR\n    echo \"error: The sandbox is not in sync with the Podfile.lock. Run 'pod install' or update your CocoaPods installation.\" >&2\n    exit 1\nfi\n# This output is used by Xcode 'outputs' to avoid re-running this script phase.\necho \"SUCCESS\" > \"${SCRIPT_OUTPUT_FILE_0}\"\n";
			showEnvVarsInLog = 0;
		};
		EB6FEE933498611986FBC96D /* [CP] Check Pods Manifest.lock */ = {
			isa = PBXShellScriptBuildPhase;
			buildActionMask = 2147483647;
			files = (
			);
			inputPaths = (
				"${PODS_PODFILE_DIR_PATH}/Podfile.lock",
				"${PODS_ROOT}/Manifest.lock",
			);
			name = "[CP] Check Pods Manifest.lock";
			outputPaths = (
				"$(DERIVED_FILE_DIR)/Pods-iva_ios-checkManifestLockResult.txt",
			);
			runOnlyForDeploymentPostprocessing = 0;
			shellPath = /bin/sh;
			shellScript = "diff \"${PODS_PODFILE_DIR_PATH}/Podfile.lock\" \"${PODS_ROOT}/Manifest.lock\" > /dev/null\nif [ $? != 0 ] ; then\n    # print error to STDERR\n    echo \"error: The sandbox is not in sync with the Podfile.lock. Run 'pod install' or update your CocoaPods installation.\" >&2\n    exit 1\nfi\n# This output is used by Xcode 'outputs' to avoid re-running this script phase.\necho \"SUCCESS\" > \"${SCRIPT_OUTPUT_FILE_0}\"\n";
			showEnvVarsInLog = 0;
		};
/* End PBXShellScriptBuildPhase section */

/* Begin PBXSourcesBuildPhase section */
		7832EA6F2645A18100371FA7 /* Sources */ = {
			isa = PBXSourcesBuildPhase;
			buildActionMask = 2147483647;
			files = (
				78E4505A267FDE2300D04B3A /* Router.swift in Sources */,
				787F5ADC264DAA8D00092255 /* AppDelegate.swift in Sources */,
				78FADBEA267FBB1E0025F40A /* IvaHealthKitReporter.swift in Sources */,
				7832EA792645A18100371FA7 /* ContentView.swift in Sources */,
				78E45056267FDA7500D04B3A /* ApiHandler.swift in Sources */,
				7832EA772645A18100371FA7 /* iva_iosApp.swift in Sources */,
				78A8FB762683A63C0010423C /* RouterHelper.swift in Sources */,
				780530B226825A43007A7EAA /* SleepAnalysis.swift in Sources */,
				78E45058267FDB5700D04B3A /* Responses.swift in Sources */,
				78E4505E267FE65D00D04B3A /* MindfulSession.swift in Sources */,
				78C3056226499D8B0001BE1D /* IvaController.swift in Sources */,
			);
			runOnlyForDeploymentPostprocessing = 0;
		};
		78C3053C26499B370001BE1D /* Sources */ = {
			isa = PBXSourcesBuildPhase;
			buildActionMask = 2147483647;
			files = (
				78C3054A26499B370001BE1D /* NotificationController.swift in Sources */,
				78C3054826499B370001BE1D /* ContentView.swift in Sources */,
				78C3056326499D8B0001BE1D /* IvaController.swift in Sources */,
				78C3054E26499B370001BE1D /* ComplicationController.swift in Sources */,
				78C3054626499B370001BE1D /* iva_iosApp.swift in Sources */,
				78C3054C26499B370001BE1D /* NotificationView.swift in Sources */,
			);
			runOnlyForDeploymentPostprocessing = 0;
		};
/* End PBXSourcesBuildPhase section */

/* Begin PBXTargetDependency section */
		78C3054326499B370001BE1D /* PBXTargetDependency */ = {
			isa = PBXTargetDependency;
			target = 78C3053F26499B370001BE1D /* iva_watch Extension */;
			targetProxy = 78C3054226499B370001BE1D /* PBXContainerItemProxy */;
		};
		78C3055726499B380001BE1D /* PBXTargetDependency */ = {
			isa = PBXTargetDependency;
			target = 78C3053626499B340001BE1D /* iva_watch */;
			targetProxy = 78C3055626499B380001BE1D /* PBXContainerItemProxy */;
		};
/* End PBXTargetDependency section */

/* Begin XCBuildConfiguration section */
		7832EA802645A18200371FA7 /* Debug */ = {
			isa = XCBuildConfiguration;
			buildSettings = {
				ALWAYS_SEARCH_USER_PATHS = NO;
				CLANG_ANALYZER_NONNULL = YES;
				CLANG_ANALYZER_NUMBER_OBJECT_CONVERSION = YES_AGGRESSIVE;
				CLANG_CXX_LANGUAGE_STANDARD = "gnu++14";
				CLANG_CXX_LIBRARY = "libc++";
				CLANG_ENABLE_MODULES = YES;
				CLANG_ENABLE_OBJC_ARC = YES;
				CLANG_ENABLE_OBJC_WEAK = YES;
				CLANG_WARN_BLOCK_CAPTURE_AUTORELEASING = YES;
				CLANG_WARN_BOOL_CONVERSION = YES;
				CLANG_WARN_COMMA = YES;
				CLANG_WARN_CONSTANT_CONVERSION = YES;
				CLANG_WARN_DEPRECATED_OBJC_IMPLEMENTATIONS = YES;
				CLANG_WARN_DIRECT_OBJC_ISA_USAGE = YES_ERROR;
				CLANG_WARN_DOCUMENTATION_COMMENTS = YES;
				CLANG_WARN_EMPTY_BODY = YES;
				CLANG_WARN_ENUM_CONVERSION = YES;
				CLANG_WARN_INFINITE_RECURSION = YES;
				CLANG_WARN_INT_CONVERSION = YES;
				CLANG_WARN_NON_LITERAL_NULL_CONVERSION = YES;
				CLANG_WARN_OBJC_IMPLICIT_RETAIN_SELF = YES;
				CLANG_WARN_OBJC_LITERAL_CONVERSION = YES;
				CLANG_WARN_OBJC_ROOT_CLASS = YES_ERROR;
				CLANG_WARN_QUOTED_INCLUDE_IN_FRAMEWORK_HEADER = YES;
				CLANG_WARN_RANGE_LOOP_ANALYSIS = YES;
				CLANG_WARN_STRICT_PROTOTYPES = YES;
				CLANG_WARN_SUSPICIOUS_MOVE = YES;
				CLANG_WARN_UNGUARDED_AVAILABILITY = YES_AGGRESSIVE;
				CLANG_WARN_UNREACHABLE_CODE = YES;
				CLANG_WARN__DUPLICATE_METHOD_MATCH = YES;
				COPY_PHASE_STRIP = NO;
				DEBUG_INFORMATION_FORMAT = dwarf;
				ENABLE_STRICT_OBJC_MSGSEND = YES;
				ENABLE_TESTABILITY = YES;
				GCC_C_LANGUAGE_STANDARD = gnu11;
				GCC_DYNAMIC_NO_PIC = NO;
				GCC_NO_COMMON_BLOCKS = YES;
				GCC_OPTIMIZATION_LEVEL = 0;
				GCC_PREPROCESSOR_DEFINITIONS = (
					"DEBUG=1",
					"$(inherited)",
				);
				GCC_WARN_64_TO_32_BIT_CONVERSION = YES;
				GCC_WARN_ABOUT_RETURN_TYPE = YES_ERROR;
				GCC_WARN_UNDECLARED_SELECTOR = YES;
				GCC_WARN_UNINITIALIZED_AUTOS = YES_AGGRESSIVE;
				GCC_WARN_UNUSED_FUNCTION = YES;
				GCC_WARN_UNUSED_VARIABLE = YES;
				IPHONEOS_DEPLOYMENT_TARGET = 14.5;
				MTL_ENABLE_DEBUG_INFO = INCLUDE_SOURCE;
				MTL_FAST_MATH = YES;
				ONLY_ACTIVE_ARCH = YES;
				SDKROOT = iphoneos;
				SWIFT_ACTIVE_COMPILATION_CONDITIONS = DEBUG;
				SWIFT_OPTIMIZATION_LEVEL = "-Onone";
			};
			name = Debug;
		};
		7832EA812645A18200371FA7 /* Release */ = {
			isa = XCBuildConfiguration;
			buildSettings = {
				ALWAYS_SEARCH_USER_PATHS = NO;
				CLANG_ANALYZER_NONNULL = YES;
				CLANG_ANALYZER_NUMBER_OBJECT_CONVERSION = YES_AGGRESSIVE;
				CLANG_CXX_LANGUAGE_STANDARD = "gnu++14";
				CLANG_CXX_LIBRARY = "libc++";
				CLANG_ENABLE_MODULES = YES;
				CLANG_ENABLE_OBJC_ARC = YES;
				CLANG_ENABLE_OBJC_WEAK = YES;
				CLANG_WARN_BLOCK_CAPTURE_AUTORELEASING = YES;
				CLANG_WARN_BOOL_CONVERSION = YES;
				CLANG_WARN_COMMA = YES;
				CLANG_WARN_CONSTANT_CONVERSION = YES;
				CLANG_WARN_DEPRECATED_OBJC_IMPLEMENTATIONS = YES;
				CLANG_WARN_DIRECT_OBJC_ISA_USAGE = YES_ERROR;
				CLANG_WARN_DOCUMENTATION_COMMENTS = YES;
				CLANG_WARN_EMPTY_BODY = YES;
				CLANG_WARN_ENUM_CONVERSION = YES;
				CLANG_WARN_INFINITE_RECURSION = YES;
				CLANG_WARN_INT_CONVERSION = YES;
				CLANG_WARN_NON_LITERAL_NULL_CONVERSION = YES;
				CLANG_WARN_OBJC_IMPLICIT_RETAIN_SELF = YES;
				CLANG_WARN_OBJC_LITERAL_CONVERSION = YES;
				CLANG_WARN_OBJC_ROOT_CLASS = YES_ERROR;
				CLANG_WARN_QUOTED_INCLUDE_IN_FRAMEWORK_HEADER = YES;
				CLANG_WARN_RANGE_LOOP_ANALYSIS = YES;
				CLANG_WARN_STRICT_PROTOTYPES = YES;
				CLANG_WARN_SUSPICIOUS_MOVE = YES;
				CLANG_WARN_UNGUARDED_AVAILABILITY = YES_AGGRESSIVE;
				CLANG_WARN_UNREACHABLE_CODE = YES;
				CLANG_WARN__DUPLICATE_METHOD_MATCH = YES;
				COPY_PHASE_STRIP = NO;
				DEBUG_INFORMATION_FORMAT = "dwarf-with-dsym";
				ENABLE_NS_ASSERTIONS = NO;
				ENABLE_STRICT_OBJC_MSGSEND = YES;
				GCC_C_LANGUAGE_STANDARD = gnu11;
				GCC_NO_COMMON_BLOCKS = YES;
				GCC_WARN_64_TO_32_BIT_CONVERSION = YES;
				GCC_WARN_ABOUT_RETURN_TYPE = YES_ERROR;
				GCC_WARN_UNDECLARED_SELECTOR = YES;
				GCC_WARN_UNINITIALIZED_AUTOS = YES_AGGRESSIVE;
				GCC_WARN_UNUSED_FUNCTION = YES;
				GCC_WARN_UNUSED_VARIABLE = YES;
				IPHONEOS_DEPLOYMENT_TARGET = 14.5;
				MTL_ENABLE_DEBUG_INFO = NO;
				MTL_FAST_MATH = YES;
				SDKROOT = iphoneos;
				SWIFT_COMPILATION_MODE = wholemodule;
				SWIFT_OPTIMIZATION_LEVEL = "-O";
				VALIDATE_PRODUCT = YES;
			};
			name = Release;
		};
		7832EA832645A18200371FA7 /* Debug */ = {
			isa = XCBuildConfiguration;
			baseConfigurationReference = C9AA95E2E5BDBFD1015C3D70 /* Pods-iva_ios.debug.xcconfig */;
			buildSettings = {
				ASSETCATALOG_COMPILER_APPICON_NAME = AppIcon;
				ASSETCATALOG_COMPILER_GLOBAL_ACCENT_COLOR_NAME = AccentColor;
				CODE_SIGN_ENTITLEMENTS = iva_ios/iva_ios.entitlements;
				CODE_SIGN_STYLE = Automatic;
				DEVELOPMENT_ASSET_PATHS = "\"iva_ios/Preview Content\"";
				DEVELOPMENT_TEAM = UTS9P6BLKZ;
				ENABLE_PREVIEWS = YES;
				INFOPLIST_FILE = iva_ios/Info.plist;
				IPHONEOS_DEPLOYMENT_TARGET = 14.0;
				LD_RUNPATH_SEARCH_PATHS = (
					"$(inherited)",
					"@executable_path/Frameworks",
				);
				PRODUCT_BUNDLE_IDENTIFIER = "com.igor.pidik.iva-ios";
				PRODUCT_NAME = "$(TARGET_NAME)";
				SWIFT_VERSION = 5.0;
				TARGETED_DEVICE_FAMILY = "1,2";
			};
			name = Debug;
		};
		7832EA842645A18200371FA7 /* Release */ = {
			isa = XCBuildConfiguration;
			baseConfigurationReference = 1A76B3B3620276956F32EB3D /* Pods-iva_ios.release.xcconfig */;
			buildSettings = {
				ASSETCATALOG_COMPILER_APPICON_NAME = AppIcon;
				ASSETCATALOG_COMPILER_GLOBAL_ACCENT_COLOR_NAME = AccentColor;
				CODE_SIGN_ENTITLEMENTS = iva_ios/iva_ios.entitlements;
				CODE_SIGN_STYLE = Automatic;
				DEVELOPMENT_ASSET_PATHS = "\"iva_ios/Preview Content\"";
				DEVELOPMENT_TEAM = UTS9P6BLKZ;
				ENABLE_PREVIEWS = YES;
				INFOPLIST_FILE = iva_ios/Info.plist;
				IPHONEOS_DEPLOYMENT_TARGET = 14.0;
				LD_RUNPATH_SEARCH_PATHS = (
					"$(inherited)",
					"@executable_path/Frameworks",
				);
				PRODUCT_BUNDLE_IDENTIFIER = "com.igor.pidik.iva-ios";
				PRODUCT_NAME = "$(TARGET_NAME)";
				SWIFT_VERSION = 5.0;
				TARGETED_DEVICE_FAMILY = "1,2";
			};
			name = Release;
		};
		78C3055A26499B380001BE1D /* Debug */ = {
			isa = XCBuildConfiguration;
			baseConfigurationReference = 52A17005BEB9461226286E23 /* Pods-iva_watch Extension.debug.xcconfig */;
			buildSettings = {
				ASSETCATALOG_COMPILER_COMPLICATION_NAME = Complication;
				CODE_SIGN_STYLE = Automatic;
				DEVELOPMENT_ASSET_PATHS = "\"iva_watch Extension/Preview Content\"";
				DEVELOPMENT_TEAM = UTS9P6BLKZ;
				ENABLE_PREVIEWS = YES;
				INFOPLIST_FILE = "iva_watch Extension/Info.plist";
				LD_RUNPATH_SEARCH_PATHS = (
					"$(inherited)",
					"@executable_path/Frameworks",
					"@executable_path/../../Frameworks",
				);
				PRODUCT_BUNDLE_IDENTIFIER = "com.igor.pidik.iva-ios.watchkitapp.watchkitextension";
				PRODUCT_NAME = "${TARGET_NAME}";
				SDKROOT = watchos;
				SKIP_INSTALL = YES;
				SWIFT_VERSION = 5.0;
				TARGETED_DEVICE_FAMILY = 4;
				WATCHOS_DEPLOYMENT_TARGET = 7.4;
			};
			name = Debug;
		};
		78C3055B26499B380001BE1D /* Release */ = {
			isa = XCBuildConfiguration;
			baseConfigurationReference = 72EC2863E663761A6BCCFC3B /* Pods-iva_watch Extension.release.xcconfig */;
			buildSettings = {
				ASSETCATALOG_COMPILER_COMPLICATION_NAME = Complication;
				CODE_SIGN_STYLE = Automatic;
				DEVELOPMENT_ASSET_PATHS = "\"iva_watch Extension/Preview Content\"";
				DEVELOPMENT_TEAM = UTS9P6BLKZ;
				ENABLE_PREVIEWS = YES;
				INFOPLIST_FILE = "iva_watch Extension/Info.plist";
				LD_RUNPATH_SEARCH_PATHS = (
					"$(inherited)",
					"@executable_path/Frameworks",
					"@executable_path/../../Frameworks",
				);
				PRODUCT_BUNDLE_IDENTIFIER = "com.igor.pidik.iva-ios.watchkitapp.watchkitextension";
				PRODUCT_NAME = "${TARGET_NAME}";
				SDKROOT = watchos;
				SKIP_INSTALL = YES;
				SWIFT_VERSION = 5.0;
				TARGETED_DEVICE_FAMILY = 4;
				WATCHOS_DEPLOYMENT_TARGET = 7.4;
			};
			name = Release;
		};
		78C3055E26499B380001BE1D /* Debug */ = {
			isa = XCBuildConfiguration;
			buildSettings = {
				ALWAYS_EMBED_SWIFT_STANDARD_LIBRARIES = YES;
				ASSETCATALOG_COMPILER_APPICON_NAME = AppIcon;
				ASSETCATALOG_COMPILER_GLOBAL_ACCENT_COLOR_NAME = AccentColor;
				CODE_SIGN_STYLE = Automatic;
				DEVELOPMENT_TEAM = UTS9P6BLKZ;
				IBSC_MODULE = iva_watch_Extension;
				INFOPLIST_FILE = iva_watch/Info.plist;
				PRODUCT_BUNDLE_IDENTIFIER = "com.igor.pidik.iva-ios.watchkitapp";
				PRODUCT_NAME = "$(TARGET_NAME)";
				SDKROOT = watchos;
				SKIP_INSTALL = YES;
				SWIFT_VERSION = 5.0;
				TARGETED_DEVICE_FAMILY = 4;
				WATCHOS_DEPLOYMENT_TARGET = 7.4;
			};
			name = Debug;
		};
		78C3055F26499B380001BE1D /* Release */ = {
			isa = XCBuildConfiguration;
			buildSettings = {
				ALWAYS_EMBED_SWIFT_STANDARD_LIBRARIES = YES;
				ASSETCATALOG_COMPILER_APPICON_NAME = AppIcon;
				ASSETCATALOG_COMPILER_GLOBAL_ACCENT_COLOR_NAME = AccentColor;
				CODE_SIGN_STYLE = Automatic;
				DEVELOPMENT_TEAM = UTS9P6BLKZ;
				IBSC_MODULE = iva_watch_Extension;
				INFOPLIST_FILE = iva_watch/Info.plist;
				PRODUCT_BUNDLE_IDENTIFIER = "com.igor.pidik.iva-ios.watchkitapp";
				PRODUCT_NAME = "$(TARGET_NAME)";
				SDKROOT = watchos;
				SKIP_INSTALL = YES;
				SWIFT_VERSION = 5.0;
				TARGETED_DEVICE_FAMILY = 4;
				WATCHOS_DEPLOYMENT_TARGET = 7.4;
			};
			name = Release;
		};
/* End XCBuildConfiguration section */

/* Begin XCConfigurationList section */
		7832EA6E2645A18100371FA7 /* Build configuration list for PBXProject "iva_ios" */ = {
			isa = XCConfigurationList;
			buildConfigurations = (
				7832EA802645A18200371FA7 /* Debug */,
				7832EA812645A18200371FA7 /* Release */,
			);
			defaultConfigurationIsVisible = 0;
			defaultConfigurationName = Release;
		};
		7832EA822645A18200371FA7 /* Build configuration list for PBXNativeTarget "iva_ios" */ = {
			isa = XCConfigurationList;
			buildConfigurations = (
				7832EA832645A18200371FA7 /* Debug */,
				7832EA842645A18200371FA7 /* Release */,
			);
			defaultConfigurationIsVisible = 0;
			defaultConfigurationName = Release;
		};
		78C3055926499B380001BE1D /* Build configuration list for PBXNativeTarget "iva_watch Extension" */ = {
			isa = XCConfigurationList;
			buildConfigurations = (
				78C3055A26499B380001BE1D /* Debug */,
				78C3055B26499B380001BE1D /* Release */,
			);
			defaultConfigurationIsVisible = 0;
			defaultConfigurationName = Release;
		};
		78C3055D26499B380001BE1D /* Build configuration list for PBXNativeTarget "iva_watch" */ = {
			isa = XCConfigurationList;
			buildConfigurations = (
				78C3055E26499B380001BE1D /* Debug */,
				78C3055F26499B380001BE1D /* Release */,
			);
			defaultConfigurationIsVisible = 0;
			defaultConfigurationName = Release;
		};
/* End XCConfigurationList section */
	};
	rootObject = 7832EA6B2645A18100371FA7 /* Project object */;
}
